
Microsoft Visual Studio Solution File, Format Version 12.00
# Visual Studio Version 17
VisualStudioVersion = 17.13.35818.85 d17.13
MinimumVisualStudioVersion = 10.0.40219.1
Project("{FAE04EC0-301F-11D3-BF4B-00C04F79EFBC}") = "Exe_03", "Exe_03\Exe_03.csproj", "{F5607CDE-9773-4EC6-8D89-0DBB51360335}"
EndProject
Global
	GlobalSection(SolutionConfigurationPlatforms) = preSolution
		Debug|Any CPU = Debug|Any CPU
		Release|Any CPU = Release|Any CPU
	EndGlobalSection
	GlobalSection(ProjectConfigurationPlatforms) = postSolution
		{F5607CDE-9773-4EC6-8D89-0DBB51360335}.Debug|Any CPU.ActiveCfg = Debug|Any CPU
		{F5607CDE-9773-4EC6-8D89-0DBB51360335}.Debug|Any CPU.Build.0 = Debug|Any CPU
		{F5607CDE-9773-4EC6-8D89-0DBB51360335}.Release|Any CPU.ActiveCfg = Release|Any CPU
		{F5607CDE-9773-4EC6-8D89-0DBB51360335}.Release|Any CPU.Build.0 = Release|Any CPU
	EndGlobalSection
	GlobalSection(SolutionProperties) = preSolution
		HideSolutionNode = FALSE
	EndGlobalSection
	GlobalSection(ExtensibilityGlobals) = postSolution
		SolutionGuid = {19D1F2D2-5F83-42F8-848C-70C00F7A7975}
	EndGlobalSection
EndGlobal
